
Microsoft Visual Studio Solution File, Format Version 12.00
# Visual Studio Version 16
VisualStudioVersion = 16.0.30717.126
MinimumVisualStudioVersion = 10.0.40219.1
Project("{FAE04EC0-301F-11D3-BF4B-00C04F79EFBC}") = "Lesson 8", "Lesson 8\Lesson 8.csproj", "{16CF878E-D12E-49EE-B624-4296C3ABB5B5}"
EndProject
Project("{FAE04EC0-301F-11D3-BF4B-00C04F79EFBC}") = "ReflesDataTime", "ReflesDataTime\ReflesDataTime.csproj", "{40F3A92C-1CD7-49DC-B67F-8BF3D77A8E4E}"
EndProject
Global
	GlobalSection(SolutionConfigurationPlatforms) = preSolution
		Debug|Any CPU = Debug|Any CPU
		Release|Any CPU = Release|Any CPU
	EndGlobalSection
	GlobalSection(ProjectConfigurationPlatforms) = postSolution
		{16CF878E-D12E-49EE-B624-4296C3ABB5B5}.Debug|Any CPU.ActiveCfg = Debug|Any CPU
		{16CF878E-D12E-49EE-B624-4296C3ABB5B5}.Debug|Any CPU.Build.0 = Debug|Any CPU
		{16CF878E-D12E-49EE-B624-4296C3ABB5B5}.Release|Any CPU.ActiveCfg = Release|Any CPU
		{16CF878E-D12E-49EE-B624-4296C3ABB5B5}.Release|Any CPU.Build.0 = Release|Any CPU
		{40F3A92C-1CD7-49DC-B67F-8BF3D77A8E4E}.Debug|Any CPU.ActiveCfg = Debug|Any CPU
		{40F3A92C-1CD7-49DC-B67F-8BF3D77A8E4E}.Debug|Any CPU.Build.0 = Debug|Any CPU
		{40F3A92C-1CD7-49DC-B67F-8BF3D77A8E4E}.Release|Any CPU.ActiveCfg = Release|Any CPU
		{40F3A92C-1CD7-49DC-B67F-8BF3D77A8E4E}.Release|Any CPU.Build.0 = Release|Any CPU
	EndGlobalSection
	GlobalSection(SolutionProperties) = preSolution
		HideSolutionNode = FALSE
	EndGlobalSection
	GlobalSection(ExtensibilityGlobals) = postSolution
		SolutionGuid = {0FA0E690-B25A-44D0-93C2-1EA668E647AE}
	EndGlobalSection
EndGlobal
